
Microsoft Visual Studio Solution File, Format Version 12.00
# Visual Studio 15
VisualStudioVersion = 15.0.28307.136
MinimumVisualStudioVersion = 10.0.40219.1
Project("{FAE04EC0-301F-11D3-BF4B-00C04F79EFBC}") = "GazServiz.App", "GazServiz.App\GazServiz.App.csproj", "{A932CF2E-C9F4-4EE6-B3FA-6550C2608A39}"
EndProject
Project("{FAE04EC0-301F-11D3-BF4B-00C04F79EFBC}") = "GazServiz.Data", "GazServiz.Data\GazServiz.Data.csproj", "{89502855-7BED-411C-9C71-F1343D475FC0}"
EndProject
Project("{FAE04EC0-301F-11D3-BF4B-00C04F79EFBC}") = "GazServiz.Models", "GazServiz.Models\GazServiz.Models.csproj", "{98D37B33-594A-4C2D-A1D2-F35276777A83}"
EndProject
Global
	GlobalSection(SolutionConfigurationPlatforms) = preSolution
		Debug|Any CPU = Debug|Any CPU
		Release|Any CPU = Release|Any CPU
	EndGlobalSection
	GlobalSection(ProjectConfigurationPlatforms) = postSolution
		{A932CF2E-C9F4-4EE6-B3FA-6550C2608A39}.Debug|Any CPU.ActiveCfg = Debug|Any CPU
		{A932CF2E-C9F4-4EE6-B3FA-6550C2608A39}.Debug|Any CPU.Build.0 = Debug|Any CPU
		{A932CF2E-C9F4-4EE6-B3FA-6550C2608A39}.Release|Any CPU.ActiveCfg = Release|Any CPU
		{A932CF2E-C9F4-4EE6-B3FA-6550C2608A39}.Release|Any CPU.Build.0 = Release|Any CPU
		{89502855-7BED-411C-9C71-F1343D475FC0}.Debug|Any CPU.ActiveCfg = Debug|Any CPU
		{89502855-7BED-411C-9C71-F1343D475FC0}.Debug|Any CPU.Build.0 = Debug|Any CPU
		{89502855-7BED-411C-9C71-F1343D475FC0}.Release|Any CPU.ActiveCfg = Release|Any CPU
		{89502855-7BED-411C-9C71-F1343D475FC0}.Release|Any CPU.Build.0 = Release|Any CPU
		{98D37B33-594A-4C2D-A1D2-F35276777A83}.Debug|Any CPU.ActiveCfg = Debug|Any CPU
		{98D37B33-594A-4C2D-A1D2-F35276777A83}.Debug|Any CPU.Build.0 = Debug|Any CPU
		{98D37B33-594A-4C2D-A1D2-F35276777A83}.Release|Any CPU.ActiveCfg = Release|Any CPU
		{98D37B33-594A-4C2D-A1D2-F35276777A83}.Release|Any CPU.Build.0 = Release|Any CPU
	EndGlobalSection
	GlobalSection(SolutionProperties) = preSolution
		HideSolutionNode = FALSE
	EndGlobalSection
	GlobalSection(ExtensibilityGlobals) = postSolution
		SolutionGuid = {08427C22-811D-451F-944C-4B731861F5AE}
	EndGlobalSection
EndGlobal
