
Microsoft Visual Studio Solution File, Format Version 12.00
# Visual Studio 15
VisualStudioVersion = 15.0.28307.489
MinimumVisualStudioVersion = 10.0.40219.1
Project("{FAE04EC0-301F-11D3-BF4B-00C04F79EFBC}") = "NonStopMarket.App", "NonStopMarket.App\NonStopMarket.App.csproj", "{338EECFA-47EE-42F6-B985-7CC2A755E225}"
EndProject
Project("{FAE04EC0-301F-11D3-BF4B-00C04F79EFBC}") = "NonStopMarket.Models", "NonStopMarket.Models\NonStopMarket.Models.csproj", "{388ECAE3-B0A4-422B-9AFA-5FBA60586F09}"
EndProject
Project("{FAE04EC0-301F-11D3-BF4B-00C04F79EFBC}") = "NonStopMarket.Data", "NonStopMarket.Data\NonStopMarket.Data.csproj", "{1B9F1A9B-B215-4579-9D49-67457FBA8246}"
EndProject
Project("{FAE04EC0-301F-11D3-BF4B-00C04F79EFBC}") = "NonStopMarket.Services", "NonStopMarket.Services\NonStopMarket.Services.csproj", "{B4471884-15BD-4310-90D6-43D9F2603C63}"
EndProject
Global
	GlobalSection(SolutionConfigurationPlatforms) = preSolution
		Debug|Any CPU = Debug|Any CPU
		Release|Any CPU = Release|Any CPU
	EndGlobalSection
	GlobalSection(ProjectConfigurationPlatforms) = postSolution
		{338EECFA-47EE-42F6-B985-7CC2A755E225}.Debug|Any CPU.ActiveCfg = Debug|Any CPU
		{338EECFA-47EE-42F6-B985-7CC2A755E225}.Debug|Any CPU.Build.0 = Debug|Any CPU
		{338EECFA-47EE-42F6-B985-7CC2A755E225}.Release|Any CPU.ActiveCfg = Release|Any CPU
		{338EECFA-47EE-42F6-B985-7CC2A755E225}.Release|Any CPU.Build.0 = Release|Any CPU
		{388ECAE3-B0A4-422B-9AFA-5FBA60586F09}.Debug|Any CPU.ActiveCfg = Debug|Any CPU
		{388ECAE3-B0A4-422B-9AFA-5FBA60586F09}.Debug|Any CPU.Build.0 = Debug|Any CPU
		{388ECAE3-B0A4-422B-9AFA-5FBA60586F09}.Release|Any CPU.ActiveCfg = Release|Any CPU
		{388ECAE3-B0A4-422B-9AFA-5FBA60586F09}.Release|Any CPU.Build.0 = Release|Any CPU
		{1B9F1A9B-B215-4579-9D49-67457FBA8246}.Debug|Any CPU.ActiveCfg = Debug|Any CPU
		{1B9F1A9B-B215-4579-9D49-67457FBA8246}.Debug|Any CPU.Build.0 = Debug|Any CPU
		{1B9F1A9B-B215-4579-9D49-67457FBA8246}.Release|Any CPU.ActiveCfg = Release|Any CPU
		{1B9F1A9B-B215-4579-9D49-67457FBA8246}.Release|Any CPU.Build.0 = Release|Any CPU
		{B4471884-15BD-4310-90D6-43D9F2603C63}.Debug|Any CPU.ActiveCfg = Debug|Any CPU
		{B4471884-15BD-4310-90D6-43D9F2603C63}.Debug|Any CPU.Build.0 = Debug|Any CPU
		{B4471884-15BD-4310-90D6-43D9F2603C63}.Release|Any CPU.ActiveCfg = Release|Any CPU
		{B4471884-15BD-4310-90D6-43D9F2603C63}.Release|Any CPU.Build.0 = Release|Any CPU
	EndGlobalSection
	GlobalSection(SolutionProperties) = preSolution
		HideSolutionNode = FALSE
	EndGlobalSection
	GlobalSection(ExtensibilityGlobals) = postSolution
		SolutionGuid = {12D16FAB-7A5A-42AE-9882-DB8ECADC94B8}
	EndGlobalSection
EndGlobal
