
Microsoft Visual Studio Solution File, Format Version 12.00
# Visual Studio 15
VisualStudioVersion = 15.0.28307.136
MinimumVisualStudioVersion = 10.0.40219.1
Project("{FAE04EC0-301F-11D3-BF4B-00C04F79EFBC}") = "Forum", "Forum\Forum.csproj", "{996218C1-CFD7-4DA3-94CA-314BA5899368}"
EndProject
Project("{FAE04EC0-301F-11D3-BF4B-00C04F79EFBC}") = "ForumData", "ForumData\ForumData.csproj", "{44B7BF49-6042-4294-8166-6DDA36BD93D5}"
EndProject
Project("{FAE04EC0-301F-11D3-BF4B-00C04F79EFBC}") = "ForumModels", "ForumModels\ForumModels.csproj", "{3C70BDE1-0DF6-4DE5-AEDF-506F05EA23B2}"
EndProject
Global
	GlobalSection(SolutionConfigurationPlatforms) = preSolution
		Debug|Any CPU = Debug|Any CPU
		Release|Any CPU = Release|Any CPU
	EndGlobalSection
	GlobalSection(ProjectConfigurationPlatforms) = postSolution
		{996218C1-CFD7-4DA3-94CA-314BA5899368}.Debug|Any CPU.ActiveCfg = Debug|Any CPU
		{996218C1-CFD7-4DA3-94CA-314BA5899368}.Debug|Any CPU.Build.0 = Debug|Any CPU
		{996218C1-CFD7-4DA3-94CA-314BA5899368}.Release|Any CPU.ActiveCfg = Release|Any CPU
		{996218C1-CFD7-4DA3-94CA-314BA5899368}.Release|Any CPU.Build.0 = Release|Any CPU
		{44B7BF49-6042-4294-8166-6DDA36BD93D5}.Debug|Any CPU.ActiveCfg = Debug|Any CPU
		{44B7BF49-6042-4294-8166-6DDA36BD93D5}.Debug|Any CPU.Build.0 = Debug|Any CPU
		{44B7BF49-6042-4294-8166-6DDA36BD93D5}.Release|Any CPU.ActiveCfg = Release|Any CPU
		{44B7BF49-6042-4294-8166-6DDA36BD93D5}.Release|Any CPU.Build.0 = Release|Any CPU
		{3C70BDE1-0DF6-4DE5-AEDF-506F05EA23B2}.Debug|Any CPU.ActiveCfg = Debug|Any CPU
		{3C70BDE1-0DF6-4DE5-AEDF-506F05EA23B2}.Debug|Any CPU.Build.0 = Debug|Any CPU
		{3C70BDE1-0DF6-4DE5-AEDF-506F05EA23B2}.Release|Any CPU.ActiveCfg = Release|Any CPU
		{3C70BDE1-0DF6-4DE5-AEDF-506F05EA23B2}.Release|Any CPU.Build.0 = Release|Any CPU
	EndGlobalSection
	GlobalSection(SolutionProperties) = preSolution
		HideSolutionNode = FALSE
	EndGlobalSection
	GlobalSection(ExtensibilityGlobals) = postSolution
		SolutionGuid = {9BCD74F6-38CB-4594-9D22-B2CA33BA8C00}
	EndGlobalSection
EndGlobal
