
Microsoft Visual Studio Solution File, Format Version 12.00
# Visual Studio 15
VisualStudioVersion = 15.0.28307.136
MinimumVisualStudioVersion = 10.0.40219.1
Project("{9A19103F-16F7-4668-BE54-9A1E7A4F7556}") = "P01_HospitalDatabase", "P01_HospitalDatabase\P01_HospitalDatabase.csproj", "{F703700B-1559-43B5-A436-8A3A4031EB18}"
EndProject
Project("{9A19103F-16F7-4668-BE54-9A1E7A4F7556}") = "P01_HospitalDatabase.Data.Models", "P01_HospitalDatabase.Data.Models\P01_HospitalDatabase.Data.Models.csproj", "{835FF2B8-0967-49F0-9A56-DEECD7C2A94E}"
EndProject
Project("{9A19103F-16F7-4668-BE54-9A1E7A4F7556}") = "P01_HospitalDatabase.Data", "P01_HospitalDatabase.Data\P01_HospitalDatabase.Data.csproj", "{DA1AA51B-96F8-4476-BE3D-D4A77B3D703C}"
EndProject
Global
	GlobalSection(SolutionConfigurationPlatforms) = preSolution
		Debug|Any CPU = Debug|Any CPU
		Release|Any CPU = Release|Any CPU
	EndGlobalSection
	GlobalSection(ProjectConfigurationPlatforms) = postSolution
		{F703700B-1559-43B5-A436-8A3A4031EB18}.Debug|Any CPU.ActiveCfg = Debug|Any CPU
		{F703700B-1559-43B5-A436-8A3A4031EB18}.Debug|Any CPU.Build.0 = Debug|Any CPU
		{F703700B-1559-43B5-A436-8A3A4031EB18}.Release|Any CPU.ActiveCfg = Release|Any CPU
		{F703700B-1559-43B5-A436-8A3A4031EB18}.Release|Any CPU.Build.0 = Release|Any CPU
		{835FF2B8-0967-49F0-9A56-DEECD7C2A94E}.Debug|Any CPU.ActiveCfg = Debug|Any CPU
		{835FF2B8-0967-49F0-9A56-DEECD7C2A94E}.Debug|Any CPU.Build.0 = Debug|Any CPU
		{835FF2B8-0967-49F0-9A56-DEECD7C2A94E}.Release|Any CPU.ActiveCfg = Release|Any CPU
		{835FF2B8-0967-49F0-9A56-DEECD7C2A94E}.Release|Any CPU.Build.0 = Release|Any CPU
		{DA1AA51B-96F8-4476-BE3D-D4A77B3D703C}.Debug|Any CPU.ActiveCfg = Debug|Any CPU
		{DA1AA51B-96F8-4476-BE3D-D4A77B3D703C}.Debug|Any CPU.Build.0 = Debug|Any CPU
		{DA1AA51B-96F8-4476-BE3D-D4A77B3D703C}.Release|Any CPU.ActiveCfg = Release|Any CPU
		{DA1AA51B-96F8-4476-BE3D-D4A77B3D703C}.Release|Any CPU.Build.0 = Release|Any CPU
	EndGlobalSection
	GlobalSection(SolutionProperties) = preSolution
		HideSolutionNode = FALSE
	EndGlobalSection
	GlobalSection(ExtensibilityGlobals) = postSolution
		SolutionGuid = {910C9F98-8831-410B-BCB7-EFE1C6C8B784}
	EndGlobalSection
EndGlobal
