
Microsoft Visual Studio Solution File, Format Version 12.00
# Visual Studio 15
VisualStudioVersion = 15.0.28307.136
MinimumVisualStudioVersion = 10.0.40219.1
Project("{FAE04EC0-301F-11D3-BF4B-00C04F79EFBC}") = "P03_SalesDatabase", "P03_SalesDatabase\P03_SalesDatabase.csproj", "{2F11253B-FF9E-4897-B080-49EDB5F792EA}"
EndProject
Global
	GlobalSection(SolutionConfigurationPlatforms) = preSolution
		Debug|Any CPU = Debug|Any CPU
		Release|Any CPU = Release|Any CPU
	EndGlobalSection
	GlobalSection(ProjectConfigurationPlatforms) = postSolution
		{2F11253B-FF9E-4897-B080-49EDB5F792EA}.Debug|Any CPU.ActiveCfg = Debug|Any CPU
		{2F11253B-FF9E-4897-B080-49EDB5F792EA}.Debug|Any CPU.Build.0 = Debug|Any CPU
		{2F11253B-FF9E-4897-B080-49EDB5F792EA}.Release|Any CPU.ActiveCfg = Release|Any CPU
		{2F11253B-FF9E-4897-B080-49EDB5F792EA}.Release|Any CPU.Build.0 = Release|Any CPU
	EndGlobalSection
	GlobalSection(SolutionProperties) = preSolution
		HideSolutionNode = FALSE
	EndGlobalSection
	GlobalSection(ExtensibilityGlobals) = postSolution
		SolutionGuid = {2A8835B9-83EE-4959-86CA-56E02A57F73F}
	EndGlobalSection
EndGlobal
